sonata_block:
    default_contexts: [cms]
    blocks:
        sonata.admin.block.admin_list:
            contexts:   [admin]
            
        sonata.admin.block.search_result:
            contexts:   [admin]

        #sonata.admin_doctrine_orm.block.audit:
        #    contexts:   [admin]

        sonata.block.service.text:
        sonata.block.service.rss:
         
        # used to display the menu in profile pages
        sonata.user.block.menu:
        # used to display menu option (login option)
        sonata.user.block.account: